
Microsoft Visual Studio Solution File, Format Version 12.00
# Visual Studio 14
VisualStudioVersion = 14.0.25123.0
MinimumVisualStudioVersion = 10.0.40219.1
Project("{FAE04EC0-301F-11D3-BF4B-00C04F79EFBC}") = "CpoDesign_nugets", "CpoDesign_nugets\CpoDesign_nugets.csproj", "{E1BA066D-A622-493E-B7BA-5928112DD224}"
EndProject
Project("{FAE04EC0-301F-11D3-BF4B-00C04F79EFBC}") = "CpoDesign.Components.ApplicationInformation", "CpoDesign.ApplicationInformation\CpoDesign.ApplicationInformation\CpoDesign.Components.ApplicationInformation.csproj", "{DC8C4216-8B61-4A34-9D40-2D6996EC1694}"
EndProject
Project("{FAE04EC0-301F-11D3-BF4B-00C04F79EFBC}") = "CpoDesign.Logger.Nlog", "CpoDesign.Logger.Nlog\CpoDesign.Logger.Nlog.csproj", "{F3119DD8-AAD2-4440-B50D-CBE312B538EE}"
EndProject
Project("{FAE04EC0-301F-11D3-BF4B-00C04F79EFBC}") = "CpoDesign.Components.Settings.AppSettings", "CpoDesign.Components.Settings.AppSettings\CpoDesign.Components.Settings.AppSettings.csproj", "{75F3D0EB-2E15-4AFB-B461-809C83EFD815}"
EndProject
Project("{FAE04EC0-301F-11D3-BF4B-00C04F79EFBC}") = "CpoDesign.Components.Settings.Interface", "CpoDesign.Components.Settings.Interface\CpoDesign.Components.Settings.Interface.csproj", "{EB23B309-330B-466C-B8C1-D8D130BFC70B}"
EndProject
Project("{FAE04EC0-301F-11D3-BF4B-00C04F79EFBC}") = "CpoDesign.Lib.Exception", "CpoDesign.Lib.Exception\CpoDesign.Lib.Exception.csproj", "{6D59124A-5920-457C-BC1F-44CA662BE270}"
EndProject
Global
	GlobalSection(SolutionConfigurationPlatforms) = preSolution
		Debug|Any CPU = Debug|Any CPU
		Release|Any CPU = Release|Any CPU
	EndGlobalSection
	GlobalSection(ProjectConfigurationPlatforms) = postSolution
		{E1BA066D-A622-493E-B7BA-5928112DD224}.Debug|Any CPU.ActiveCfg = Debug|Any CPU
		{E1BA066D-A622-493E-B7BA-5928112DD224}.Debug|Any CPU.Build.0 = Debug|Any CPU
		{E1BA066D-A622-493E-B7BA-5928112DD224}.Release|Any CPU.ActiveCfg = Release|Any CPU
		{E1BA066D-A622-493E-B7BA-5928112DD224}.Release|Any CPU.Build.0 = Release|Any CPU
		{DC8C4216-8B61-4A34-9D40-2D6996EC1694}.Debug|Any CPU.ActiveCfg = Debug|Any CPU
		{DC8C4216-8B61-4A34-9D40-2D6996EC1694}.Debug|Any CPU.Build.0 = Debug|Any CPU
		{DC8C4216-8B61-4A34-9D40-2D6996EC1694}.Release|Any CPU.ActiveCfg = Release|Any CPU
		{DC8C4216-8B61-4A34-9D40-2D6996EC1694}.Release|Any CPU.Build.0 = Release|Any CPU
		{F3119DD8-AAD2-4440-B50D-CBE312B538EE}.Debug|Any CPU.ActiveCfg = Debug|Any CPU
		{F3119DD8-AAD2-4440-B50D-CBE312B538EE}.Debug|Any CPU.Build.0 = Debug|Any CPU
		{F3119DD8-AAD2-4440-B50D-CBE312B538EE}.Release|Any CPU.ActiveCfg = Release|Any CPU
		{F3119DD8-AAD2-4440-B50D-CBE312B538EE}.Release|Any CPU.Build.0 = Release|Any CPU
		{75F3D0EB-2E15-4AFB-B461-809C83EFD815}.Debug|Any CPU.ActiveCfg = Debug|Any CPU
		{75F3D0EB-2E15-4AFB-B461-809C83EFD815}.Debug|Any CPU.Build.0 = Debug|Any CPU
		{75F3D0EB-2E15-4AFB-B461-809C83EFD815}.Release|Any CPU.ActiveCfg = Release|Any CPU
		{75F3D0EB-2E15-4AFB-B461-809C83EFD815}.Release|Any CPU.Build.0 = Release|Any CPU
		{EB23B309-330B-466C-B8C1-D8D130BFC70B}.Debug|Any CPU.ActiveCfg = Debug|Any CPU
		{EB23B309-330B-466C-B8C1-D8D130BFC70B}.Debug|Any CPU.Build.0 = Debug|Any CPU
		{EB23B309-330B-466C-B8C1-D8D130BFC70B}.Release|Any CPU.ActiveCfg = Release|Any CPU
		{EB23B309-330B-466C-B8C1-D8D130BFC70B}.Release|Any CPU.Build.0 = Release|Any CPU
		{6D59124A-5920-457C-BC1F-44CA662BE270}.Debug|Any CPU.ActiveCfg = Debug|Any CPU
		{6D59124A-5920-457C-BC1F-44CA662BE270}.Debug|Any CPU.Build.0 = Debug|Any CPU
		{6D59124A-5920-457C-BC1F-44CA662BE270}.Release|Any CPU.ActiveCfg = Release|Any CPU
		{6D59124A-5920-457C-BC1F-44CA662BE270}.Release|Any CPU.Build.0 = Release|Any CPU
	EndGlobalSection
	GlobalSection(SolutionProperties) = preSolution
		HideSolutionNode = FALSE
	EndGlobalSection
EndGlobal
